
Microsoft Visual Studio Solution File, Format Version 12.00
# Visual Studio 14
VisualStudioVersion = 14.0.24720.0
MinimumVisualStudioVersion = 10.0.40219.1
Project("{FAE04EC0-301F-11D3-BF4B-00C04F79EFBC}") = "HashLibrary", "HashLibrary\HashLibrary.csproj", "{83FA0D34-310E-4F29-9E13-897F4D792643}"
EndProject
Project("{FAE04EC0-301F-11D3-BF4B-00C04F79EFBC}") = "HashConsole", "HashConsole\HashConsole.csproj", "{E96E2F0D-3B56-45E0-BB58-E0DCCC04F154}"
EndProject
Global
	GlobalSection(SolutionConfigurationPlatforms) = preSolution
		Debug|Any CPU = Debug|Any CPU
		Release|Any CPU = Release|Any CPU
	EndGlobalSection
	GlobalSection(ProjectConfigurationPlatforms) = postSolution
		{83FA0D34-310E-4F29-9E13-897F4D792643}.Debug|Any CPU.ActiveCfg = Debug|Any CPU
		{83FA0D34-310E-4F29-9E13-897F4D792643}.Debug|Any CPU.Build.0 = Debug|Any CPU
		{83FA0D34-310E-4F29-9E13-897F4D792643}.Release|Any CPU.ActiveCfg = Release|Any CPU
		{83FA0D34-310E-4F29-9E13-897F4D792643}.Release|Any CPU.Build.0 = Release|Any CPU
		{E96E2F0D-3B56-45E0-BB58-E0DCCC04F154}.Debug|Any CPU.ActiveCfg = Debug|Any CPU
		{E96E2F0D-3B56-45E0-BB58-E0DCCC04F154}.Debug|Any CPU.Build.0 = Debug|Any CPU
		{E96E2F0D-3B56-45E0-BB58-E0DCCC04F154}.Release|Any CPU.ActiveCfg = Release|Any CPU
		{E96E2F0D-3B56-45E0-BB58-E0DCCC04F154}.Release|Any CPU.Build.0 = Release|Any CPU
	EndGlobalSection
	GlobalSection(SolutionProperties) = preSolution
		HideSolutionNode = FALSE
	EndGlobalSection
EndGlobal
